
Microsoft Visual Studio Solution File, Format Version 12.00
# Visual Studio Version 17
VisualStudioVersion = 17.5.33414.496
MinimumVisualStudioVersion = 10.0.40219.1
Project("{9A19103F-16F7-4668-BE54-9A1E7A4F7556}") = "WebBlog.Application", "WebApplication1\WebBlog.Application.csproj", "{2A16ED35-57EC-4FE7-A27D-5AD18C2FE39F}"
EndProject
Project("{FAE04EC0-301F-11D3-BF4B-00C04F79EFBC}") = "WebBlog.API", "WebApi2\WebBlog.API.csproj", "{B1DBDC64-3321-4209-AF9C-F1DD5D89C060}"
EndProject
Global
	GlobalSection(SolutionConfigurationPlatforms) = preSolution
		Debug|Any CPU = Debug|Any CPU
		Release|Any CPU = Release|Any CPU
	EndGlobalSection
	GlobalSection(ProjectConfigurationPlatforms) = postSolution
		{2A16ED35-57EC-4FE7-A27D-5AD18C2FE39F}.Debug|Any CPU.ActiveCfg = Debug|Any CPU
		{2A16ED35-57EC-4FE7-A27D-5AD18C2FE39F}.Debug|Any CPU.Build.0 = Debug|Any CPU
		{2A16ED35-57EC-4FE7-A27D-5AD18C2FE39F}.Release|Any CPU.ActiveCfg = Release|Any CPU
		{2A16ED35-57EC-4FE7-A27D-5AD18C2FE39F}.Release|Any CPU.Build.0 = Release|Any CPU
		{B1DBDC64-3321-4209-AF9C-F1DD5D89C060}.Debug|Any CPU.ActiveCfg = Debug|Any CPU
		{B1DBDC64-3321-4209-AF9C-F1DD5D89C060}.Debug|Any CPU.Build.0 = Debug|Any CPU
		{B1DBDC64-3321-4209-AF9C-F1DD5D89C060}.Release|Any CPU.ActiveCfg = Release|Any CPU
		{B1DBDC64-3321-4209-AF9C-F1DD5D89C060}.Release|Any CPU.Build.0 = Release|Any CPU
	EndGlobalSection
	GlobalSection(SolutionProperties) = preSolution
		HideSolutionNode = FALSE
	EndGlobalSection
	GlobalSection(ExtensibilityGlobals) = postSolution
		SolutionGuid = {FD4FB897-8BB0-4FA7-A808-F1CF94AFD34C}
	EndGlobalSection
EndGlobal
